// !$*UTF8*$!
{
	archiveVersion = 1;
	classes = {
	};
	objectVersion = 50;
	objects = {

/* Begin PBXBuildFile section */
		E101F10D250CD1EE003CD4BD /* AppDelegate.m in Sources */ = {isa = PBXBuildFile; fileRef = E101F10C250CD1EE003CD4BD /* AppDelegate.m */; };
		E101F110250CD1EE003CD4BD /* SceneDelegate.m in Sources */ = {isa = PBXBuildFile; fileRef = E101F10F250CD1EE003CD4BD /* SceneDelegate.m */; };
		E101F113250CD1EF003CD4BD /* ViewController.m in Sources */ = {isa = PBXBuildFile; fileRef = E101F112250CD1EF003CD4BD /* ViewController.m */; };
		E101F116250CD1EF003CD4BD /* Main.storyboard in Resources */ = {isa = PBXBuildFile; fileRef = E101F114250CD1EF003CD4BD /* Main.storyboard */; };
		E101F118250CD1F2003CD4BD /* Assets.xcassets in Resources */ = {isa = PBXBuildFile; fileRef = E101F117250CD1F2003CD4BD /* Assets.xcassets */; };
		E101F11B250CD1F2003CD4BD /* LaunchScreen.storyboard in Resources */ = {isa = PBXBuildFile; fileRef = E101F119250CD1F2003CD4BD /* LaunchScreen.storyboard */; };
		E101F11E250CD1F2003CD4BD /* main.m in Sources */ = {isa = PBXBuildFile; fileRef = E101F11D250CD1F2003CD4BD /* main.m */; };
		E101F127250CD232003CD4BD /* VideoCapture.m in Sources */ = {isa = PBXBuildFile; fileRef = E101F126250CD232003CD4BD /* VideoCapture.m */; };
		E101F12A250CD270003CD4BD /* SKOpenGLView.m in Sources */ = {isa = PBXBuildFile; fileRef = E101F129250CD26F003CD4BD /* SKOpenGLView.m */; };
		E101F12D250CD52E003CD4BD /* FragmentSource.glsl in Resources */ = {isa = PBXBuildFile; fileRef = E101F12B250CD52E003CD4BD /* FragmentSource.glsl */; };
		E101F12E250CD52E003CD4BD /* VertexSource.glsl in Resources */ = {isa = PBXBuildFile; fileRef = E101F12C250CD52E003CD4BD /* VertexSource.glsl */; };
/* End PBXBuildFile section */

/* Begin PBXFileReference section */
		E101F108250CD1EE003CD4BD /* RenderFrameDemo.app */ = {isa = PBXFileReference; explicitFileType = wrapper.application; includeInIndex = 0; path = RenderFrameDemo.app; sourceTree = BUILT_PRODUCTS_DIR; };
		E101F10B250CD1EE003CD4BD /* AppDelegate.h */ = {isa = PBXFileReference; lastKnownFileType = sourcecode.c.h; path = AppDelegate.h; sourceTree = "<group>"; };
		E101F10C250CD1EE003CD4BD /* AppDelegate.m */ = {isa = PBXFileReference; lastKnownFileType = sourcecode.c.objc; path = AppDelegate.m; sourceTree = "<group>"; };
		E101F10E250CD1EE003CD4BD /* SceneDelegate.h */ = {isa = PBXFileReference; lastKnownFileType = sourcecode.c.h; path = SceneDelegate.h; sourceTree = "<group>"; };
		E101F10F250CD1EE003CD4BD /* SceneDelegate.m */ = {isa = PBXFileReference; lastKnownFileType = sourcecode.c.objc; path = SceneDelegate.m; sourceTree = "<group>"; };
		E101F111250CD1EE003CD4BD /* ViewController.h */ = {isa = PBXFileReference; lastKnownFileType = sourcecode.c.h; path = ViewController.h; sourceTree = "<group>"; };
		E101F112250CD1EF003CD4BD /* ViewController.m */ = {isa = PBXFileReference; lastKnownFileType = sourcecode.c.objc; path = ViewController.m; sourceTree = "<group>"; };
		E101F115250CD1EF003CD4BD /* Base */ = {isa = PBXFileReference; lastKnownFileType = file.storyboard; name = Base; path = Base.lproj/Main.storyboard; sourceTree = "<group>"; };
		E101F117250CD1F2003CD4BD /* Assets.xcassets */ = {isa = PBXFileReference; lastKnownFileType = folder.assetcatalog; path = Assets.xcassets; sourceTree = "<group>"; };
		E101F11A250CD1F2003CD4BD /* Base */ = {isa = PBXFileReference; lastKnownFileType = file.storyboard; name = Base; path = Base.lproj/LaunchScreen.storyboard; sourceTree = "<group>"; };
		E101F11C250CD1F2003CD4BD /* Info.plist */ = {isa = PBXFileReference; lastKnownFileType = text.plist.xml; path = Info.plist; sourceTree = "<group>"; };
		E101F11D250CD1F2003CD4BD /* main.m */ = {isa = PBXFileReference; lastKnownFileType = sourcecode.c.objc; path = main.m; sourceTree = "<group>"; };
		E101F125250CD232003CD4BD /* VideoCapture.h */ = {isa = PBXFileReference; lastKnownFileType = sourcecode.c.h; path = VideoCapture.h; sourceTree = "<group>"; };
		E101F126250CD232003CD4BD /* VideoCapture.m */ = {isa = PBXFileReference; lastKnownFileType = sourcecode.c.objc; path = VideoCapture.m; sourceTree = "<group>"; };
		E101F128250CD26F003CD4BD /* SKOpenGLView.h */ = {isa = PBXFileReference; lastKnownFileType = sourcecode.c.h; path = SKOpenGLView.h; sourceTree = "<group>"; };
		E101F129250CD26F003CD4BD /* SKOpenGLView.m */ = {isa = PBXFileReference; lastKnownFileType = sourcecode.c.objc; path = SKOpenGLView.m; sourceTree = "<group>"; };
		E101F12B250CD52E003CD4BD /* FragmentSource.glsl */ = {isa = PBXFileReference; fileEncoding = 4; lastKnownFileType = text; path = FragmentSource.glsl; sourceTree = "<group>"; };
		E101F12C250CD52E003CD4BD /* VertexSource.glsl */ = {isa = PBXFileReference; fileEncoding = 4; lastKnownFileType = text; path = VertexSource.glsl; sourceTree = "<group>"; };
/* End PBXFileReference section */

/* Begin PBXFrameworksBuildPhase section */
		E101F105250CD1EE003CD4BD /* Frameworks */ = {
			isa = PBXFrameworksBuildPhase;
			buildActionMask = 2147483647;
			files = (
			);
			runOnlyForDeploymentPostprocessing = 0;
		};
/* End PBXFrameworksBuildPhase section */

/* Begin PBXGroup section */
		E101F0FF250CD1EE003CD4BD = {
			isa = PBXGroup;
			children = (
				E101F10A250CD1EE003CD4BD /* RenderFrameDemo */,
				E101F109250CD1EE003CD4BD /* Products */,
			);
			sourceTree = "<group>";
		};
		E101F109250CD1EE003CD4BD /* Products */ = {
			isa = PBXGroup;
			children = (
				E101F108250CD1EE003CD4BD /* RenderFrameDemo.app */,
			);
			name = Products;
			sourceTree = "<group>";
		};
		E101F10A250CD1EE003CD4BD /* RenderFrameDemo */ = {
			isa = PBXGroup;
			children = (
				E101F124250CD222003CD4BD /* SKOpenGL */,
				E101F10B250CD1EE003CD4BD /* AppDelegate.h */,
				E101F10C250CD1EE003CD4BD /* AppDelegate.m */,
				E101F10E250CD1EE003CD4BD /* SceneDelegate.h */,
				E101F10F250CD1EE003CD4BD /* SceneDelegate.m */,
				E101F111250CD1EE003CD4BD /* ViewController.h */,
				E101F112250CD1EF003CD4BD /* ViewController.m */,
				E101F114250CD1EF003CD4BD /* Main.storyboard */,
				E101F117250CD1F2003CD4BD /* Assets.xcassets */,
				E101F119250CD1F2003CD4BD /* LaunchScreen.storyboard */,
				E101F11C250CD1F2003CD4BD /* Info.plist */,
				E101F11D250CD1F2003CD4BD /* main.m */,
			);
			path = RenderFrameDemo;
			sourceTree = "<group>";
		};
		E101F124250CD222003CD4BD /* SKOpenGL */ = {
			isa = PBXGroup;
			children = (
				E101F125250CD232003CD4BD /* VideoCapture.h */,
				E101F126250CD232003CD4BD /* VideoCapture.m */,
				E101F128250CD26F003CD4BD /* SKOpenGLView.h */,
				E101F129250CD26F003CD4BD /* SKOpenGLView.m */,
				E101F12B250CD52E003CD4BD /* FragmentSource.glsl */,
				E101F12C250CD52E003CD4BD /* VertexSource.glsl */,
			);
			path = SKOpenGL;
			sourceTree = "<group>";
		};
/* End PBXGroup section */

/* Begin PBXNativeTarget section */
		E101F107250CD1EE003CD4BD /* RenderFrameDemo */ = {
			isa = PBXNativeTarget;
			buildConfigurationList = E101F121250CD1F2003CD4BD /* Build configuration list for PBXNativeTarget "RenderFrameDemo" */;
			buildPhases = (
				E101F104250CD1EE003CD4BD /* Sources */,
				E101F105250CD1EE003CD4BD /* Frameworks */,
				E101F106250CD1EE003CD4BD /* Resources */,
			);
			buildRules = (
			);
			dependencies = (
			);
			name = RenderFrameDemo;
			productName = RenderFrameDemo;
			productReference = E101F108250CD1EE003CD4BD /* RenderFrameDemo.app */;
			productType = "com.apple.product-type.application";
		};
/* End PBXNativeTarget section */

/* Begin PBXProject section */
		E101F100250CD1EE003CD4BD /* Project object */ = {
			isa = PBXProject;
			attributes = {
				LastUpgradeCheck = 1160;
				ORGANIZATIONNAME = KentSun;
				TargetAttributes = {
					E101F107250CD1EE003CD4BD = {
						CreatedOnToolsVersion = 11.6;
					};
				};
			};
			buildConfigurationList = E101F103250CD1EE003CD4BD /* Build configuration list for PBXProject "RenderFrameDemo" */;
			compatibilityVersion = "Xcode 9.3";
			developmentRegion = en;
			hasScannedForEncodings = 0;
			knownRegions = (
				en,
				Base,
			);
			mainGroup = E101F0FF250CD1EE003CD4BD;
			productRefGroup = E101F109250CD1EE003CD4BD /* Products */;
			projectDirPath = "";
			projectRoot = "";
			targets = (
				E101F107250CD1EE003CD4BD /* RenderFrameDemo */,
			);
		};
/* End PBXProject section */

/* Begin PBXResourcesBuildPhase section */
		E101F106250CD1EE003CD4BD /* Resources */ = {
			isa = PBXResourcesBuildPhase;
			buildActionMask = 2147483647;
			files = (
				E101F12D250CD52E003CD4BD /* FragmentSource.glsl in Resources */,
				E101F11B250CD1F2003CD4BD /* LaunchScreen.storyboard in Resources */,
				E101F118250CD1F2003CD4BD /* Assets.xcassets in Resources */,
				E101F12E250CD52E003CD4BD /* VertexSource.glsl in Resources */,
				E101F116250CD1EF003CD4BD /* Main.storyboard in Resources */,
			);
			runOnlyForDeploymentPostprocessing = 0;
		};
/* End PBXResourcesBuildPhase section */

/* Begin PBXSourcesBuildPhase section */
		E101F104250CD1EE003CD4BD /* Sources */ = {
			isa = PBXSourcesBuildPhase;
			buildActionMask = 2147483647;
			files = (
				E101F127250CD232003CD4BD /* VideoCapture.m in Sources */,
				E101F12A250CD270003CD4BD /* SKOpenGLView.m in Sources */,
				E101F113250CD1EF003CD4BD /* ViewController.m in Sources */,
				E101F10D250CD1EE003CD4BD /* AppDelegate.m in Sources */,
				E101F11E250CD1F2003CD4BD /* main.m in Sources */,
				E101F110250CD1EE003CD4BD /* SceneDelegate.m in Sources */,
			);
			runOnlyForDeploymentPostprocessing = 0;
		};
/* End PBXSourcesBuildPhase section */

/* Begin PBXVariantGroup section */
		E101F114250CD1EF003CD4BD /* Main.storyboard */ = {
			isa = PBXVariantGroup;
			children = (
				E101F115250CD1EF003CD4BD /* Base */,
			);
			name = Main.storyboard;
			sourceTree = "<group>";
		};
		E101F119250CD1F2003CD4BD /* LaunchScreen.storyboard */ = {
			isa = PBXVariantGroup;
			children = (
				E101F11A250CD1F2003CD4BD /* Base */,
			);
			name = LaunchScreen.storyboard;
			sourceTree = "<group>";
		};
/* End PBXVariantGroup section */

/* Begin XCBuildConfiguration section */
		E101F11F250CD1F2003CD4BD /* Debug */ = {
			isa = XCBuildConfiguration;
			buildSettings = {
				ALWAYS_SEARCH_USER_PATHS = NO;
				CLANG_ANALYZER_NONNULL = YES;
				CLANG_ANALYZER_NUMBER_OBJECT_CONVERSION = YES_AGGRESSIVE;
				CLANG_CXX_LANGUAGE_STANDARD = "gnu++14";
				CLANG_CXX_LIBRARY = "libc++";
				CLANG_ENABLE_MODULES = YES;
				CLANG_ENABLE_OBJC_ARC = YES;
				CLANG_ENABLE_OBJC_WEAK = YES;
				CLANG_WARN_BLOCK_CAPTURE_AUTORELEASING = YES;
				CLANG_WARN_BOOL_CONVERSION = YES;
				CLANG_WARN_COMMA = YES;
				CLANG_WARN_CONSTANT_CONVERSION = YES;
				CLANG_WARN_DEPRECATED_OBJC_IMPLEMENTATIONS = YES;
				CLANG_WARN_DIRECT_OBJC_ISA_USAGE = YES_ERROR;
				CLANG_WARN_DOCUMENTATION_COMMENTS = YES;
				CLANG_WARN_EMPTY_BODY = YES;
				CLANG_WARN_ENUM_CONVERSION = YES;
				CLANG_WARN_INFINITE_RECURSION = YES;
				CLANG_WARN_INT_CONVERSION = YES;
				CLANG_WARN_NON_LITERAL_NULL_CONVERSION = YES;
				CLANG_WARN_OBJC_IMPLICIT_RETAIN_SELF = YES;
				CLANG_WARN_OBJC_LITERAL_CONVERSION = YES;
				CLANG_WARN_OBJC_ROOT_CLASS = YES_ERROR;
				CLANG_WARN_RANGE_LOOP_ANALYSIS = YES;
				CLANG_WARN_STRICT_PROTOTYPES = YES;
				CLANG_WARN_SUSPICIOUS_MOVE = YES;
				CLANG_WARN_UNGUARDED_AVAILABILITY = YES_AGGRESSIVE;
				CLANG_WARN_UNREACHABLE_CODE = YES;
				CLANG_WARN__DUPLICATE_METHOD_MATCH = YES;
				COPY_PHASE_STRIP = NO;
				DEBUG_INFORMATION_FORMAT = dwarf;
				ENABLE_STRICT_OBJC_MSGSEND = YES;
				ENABLE_TESTABILITY = YES;
				GCC_C_LANGUAGE_STANDARD = gnu11;
				GCC_DYNAMIC_NO_PIC = NO;
				GCC_NO_COMMON_BLOCKS = YES;
				GCC_OPTIMIZATION_LEVEL = 0;
				GCC_PREPROCESSOR_DEFINITIONS = (
					"DEBUG=1",
					"$(inherited)",
				);
				GCC_WARN_64_TO_32_BIT_CONVERSION = YES;
				GCC_WARN_ABOUT_RETURN_TYPE = YES_ERROR;
				GCC_WARN_UNDECLARED_SELECTOR = YES;
				GCC_WARN_UNINITIALIZED_AUTOS = YES_AGGRESSIVE;
				GCC_WARN_UNUSED_FUNCTION = YES;
				GCC_WARN_UNUSED_VARIABLE = YES;
				IPHONEOS_DEPLOYMENT_TARGET = 13.6;
				MTL_ENABLE_DEBUG_INFO = INCLUDE_SOURCE;
				MTL_FAST_MATH = YES;
				ONLY_ACTIVE_ARCH = YES;
				SDKROOT = iphoneos;
			};
			name = Debug;
		};
		E101F120250CD1F2003CD4BD /* Release */ = {
			isa = XCBuildConfiguration;
			buildSettings = {
				ALWAYS_SEARCH_USER_PATHS = NO;
				CLANG_ANALYZER_NONNULL = YES;
				CLANG_ANALYZER_NUMBER_OBJECT_CONVERSION = YES_AGGRESSIVE;
				CLANG_CXX_LANGUAGE_STANDARD = "gnu++14";
				CLANG_CXX_LIBRARY = "libc++";
				CLANG_ENABLE_MODULES = YES;
				CLANG_ENABLE_OBJC_ARC = YES;
				CLANG_ENABLE_OBJC_WEAK = YES;
				CLANG_WARN_BLOCK_CAPTURE_AUTORELEASING = YES;
				CLANG_WARN_BOOL_CONVERSION = YES;
				CLANG_WARN_COMMA = YES;
				CLANG_WARN_CONSTANT_CONVERSION = YES;
				CLANG_WARN_DEPRECATED_OBJC_IMPLEMENTATIONS = YES;
				CLANG_WARN_DIRECT_OBJC_ISA_USAGE = YES_ERROR;
				CLANG_WARN_DOCUMENTATION_COMMENTS = YES;
				CLANG_WARN_EMPTY_BODY = YES;
				CLANG_WARN_ENUM_CONVERSION = YES;
				CLANG_WARN_INFINITE_RECURSION = YES;
				CLANG_WARN_INT_CONVERSION = YES;
				CLANG_WARN_NON_LITERAL_NULL_CONVERSION = YES;
				CLANG_WARN_OBJC_IMPLICIT_RETAIN_SELF = YES;
				CLANG_WARN_OBJC_LITERAL_CONVERSION = YES;
				CLANG_WARN_OBJC_ROOT_CLASS = YES_ERROR;
				CLANG_WARN_RANGE_LOOP_ANALYSIS = YES;
				CLANG_WARN_STRICT_PROTOTYPES = YES;
				CLANG_WARN_SUSPICIOUS_MOVE = YES;
				CLANG_WARN_UNGUARDED_AVAILABILITY = YES_AGGRESSIVE;
				CLANG_WARN_UNREACHABLE_CODE = YES;
				CLANG_WARN__DUPLICATE_METHOD_MATCH = YES;
				COPY_PHASE_STRIP = NO;
				DEBUG_INFORMATION_FORMAT = "dwarf-with-dsym";
				ENABLE_NS_ASSERTIONS = NO;
				ENABLE_STRICT_OBJC_MSGSEND = YES;
				GCC_C_LANGUAGE_STANDARD = gnu11;
				GCC_NO_COMMON_BLOCKS = YES;
				GCC_WARN_64_TO_32_BIT_CONVERSION = YES;
				GCC_WARN_ABOUT_RETURN_TYPE = YES_ERROR;
				GCC_WARN_UNDECLARED_SELECTOR = YES;
				GCC_WARN_UNINITIALIZED_AUTOS = YES_AGGRESSIVE;
				GCC_WARN_UNUSED_FUNCTION = YES;
				GCC_WARN_UNUSED_VARIABLE = YES;
				IPHONEOS_DEPLOYMENT_TARGET = 13.6;
				MTL_ENABLE_DEBUG_INFO = NO;
				MTL_FAST_MATH = YES;
				SDKROOT = iphoneos;
				VALIDATE_PRODUCT = YES;
			};
			name = Release;
		};
		E101F122250CD1F2003CD4BD /* Debug */ = {
			isa = XCBuildConfiguration;
			buildSettings = {
				ASSETCATALOG_COMPILER_APPICON_NAME = AppIcon;
				CODE_SIGN_STYLE = Automatic;
				DEVELOPMENT_TEAM = N6GT7P4WQU;
				INFOPLIST_FILE = RenderFrameDemo/Info.plist;
				IPHONEOS_DEPLOYMENT_TARGET = 10.0;
				LD_RUNPATH_SEARCH_PATHS = (
					"$(inherited)",
					"@executable_path/Frameworks",
				);
				PRODUCT_BUNDLE_IDENTIFIER = KentSun.RenderFrameDemo;
				PRODUCT_NAME = "$(TARGET_NAME)";
				TARGETED_DEVICE_FAMILY = "1,2";
			};
			name = Debug;
		};
		E101F123250CD1F2003CD4BD /* Release */ = {
			isa = XCBuildConfiguration;
			buildSettings = {
				ASSETCATALOG_COMPILER_APPICON_NAME = AppIcon;
				CODE_SIGN_STYLE = Automatic;
				DEVELOPMENT_TEAM = N6GT7P4WQU;
				INFOPLIST_FILE = RenderFrameDemo/Info.plist;
				IPHONEOS_DEPLOYMENT_TARGET = 10.0;
				LD_RUNPATH_SEARCH_PATHS = (
					"$(inherited)",
					"@executable_path/Frameworks",
				);
				PRODUCT_BUNDLE_IDENTIFIER = KentSun.RenderFrameDemo;
				PRODUCT_NAME = "$(TARGET_NAME)";
				TARGETED_DEVICE_FAMILY = "1,2";
			};
			name = Release;
		};
/* End XCBuildConfiguration section */

/* Begin XCConfigurationList section */
		E101F103250CD1EE003CD4BD /* Build configuration list for PBXProject "RenderFrameDemo" */ = {
			isa = XCConfigurationList;
			buildConfigurations = (
				E101F11F250CD1F2003CD4BD /* Debug */,
				E101F120250CD1F2003CD4BD /* Release */,
			);
			defaultConfigurationIsVisible = 0;
			defaultConfigurationName = Release;
		};
		E101F121250CD1F2003CD4BD /* Build configuration list for PBXNativeTarget "RenderFrameDemo" */ = {
			isa = XCConfigurationList;
			buildConfigurations = (
				E101F122250CD1F2003CD4BD /* Debug */,
				E101F123250CD1F2003CD4BD /* Release */,
			);
			defaultConfigurationIsVisible = 0;
			defaultConfigurationName = Release;
		};
/* End XCConfigurationList section */
	};
	rootObject = E101F100250CD1EE003CD4BD /* Project object */;
}
